
Microsoft Visual Studio Solution File, Format Version 12.00
# Visual Studio Version 17
VisualStudioVersion = 17.3.32901.215
MinimumVisualStudioVersion = 10.0.40219.1
Project("{FAE04EC0-301F-11D3-BF4B-00C04F79EFBC}") = "lw_3", "lw_3.csproj", "{D07AAFA6-F7ED-427A-B028-FBB4983EABC7}"
EndProject
Global
	GlobalSection(SolutionConfigurationPlatforms) = preSolution
		Debug|Any CPU = Debug|Any CPU
		Release|Any CPU = Release|Any CPU
	EndGlobalSection
	GlobalSection(ProjectConfigurationPlatforms) = postSolution
		{D07AAFA6-F7ED-427A-B028-FBB4983EABC7}.Debug|Any CPU.ActiveCfg = Debug|Any CPU
		{D07AAFA6-F7ED-427A-B028-FBB4983EABC7}.Debug|Any CPU.Build.0 = Debug|Any CPU
		{D07AAFA6-F7ED-427A-B028-FBB4983EABC7}.Release|Any CPU.ActiveCfg = Release|Any CPU
		{D07AAFA6-F7ED-427A-B028-FBB4983EABC7}.Release|Any CPU.Build.0 = Release|Any CPU
	EndGlobalSection
	GlobalSection(SolutionProperties) = preSolution
		HideSolutionNode = FALSE
	EndGlobalSection
	GlobalSection(ExtensibilityGlobals) = postSolution
		SolutionGuid = {B8D0C624-4776-466D-954C-2D3EBEF5C4AA}
	EndGlobalSection
EndGlobal
